
Microsoft Visual Studio Solution File, Format Version 12.00
# Visual Studio Version 16
VisualStudioVersion = 16.0.29306.81
MinimumVisualStudioVersion = 10.0.40219.1
Project("{9A19103F-16F7-4668-BE54-9A1E7A4F7556}") = "TALPremiumCalculator", "TALPremiumCalculator\TALPremiumCalculator.csproj", "{920372F8-301D-4785-B5BF-D0F3CE4D5957}"
EndProject
Project("{9A19103F-16F7-4668-BE54-9A1E7A4F7556}") = "Entities", "Entities\Entities.csproj", "{A7354AF9-B3B6-433B-9EC3-504934E96BA8}"
EndProject
Project("{9A19103F-16F7-4668-BE54-9A1E7A4F7556}") = "Contracts", "Contracts\Contracts.csproj", "{FD3460A9-551D-4AC9-B626-DF2EC5F73FE7}"
EndProject
Project("{9A19103F-16F7-4668-BE54-9A1E7A4F7556}") = "LoggerService", "LoggerService\LoggerService.csproj", "{07BF713A-A38B-4486-9A27-622B03EDA53B}"
EndProject
Project("{FAE04EC0-301F-11D3-BF4B-00C04F79EFBC}") = "Repository", "Repository\Repository.csproj", "{429DAF19-832B-4143-8DEA-9D500CA20E01}"
EndProject
Project("{FAE04EC0-301F-11D3-BF4B-00C04F79EFBC}") = "TALPremiumCalculatorUnitTest", "TALPremiumCalculatorUnitTest\TALPremiumCalculatorUnitTest.csproj", "{7AC4E49D-7576-4616-962E-089CC904E912}"
EndProject
Global
	GlobalSection(SolutionConfigurationPlatforms) = preSolution
		Debug|Any CPU = Debug|Any CPU
		Release|Any CPU = Release|Any CPU
	EndGlobalSection
	GlobalSection(ProjectConfigurationPlatforms) = postSolution
		{920372F8-301D-4785-B5BF-D0F3CE4D5957}.Debug|Any CPU.ActiveCfg = Debug|Any CPU
		{920372F8-301D-4785-B5BF-D0F3CE4D5957}.Debug|Any CPU.Build.0 = Debug|Any CPU
		{920372F8-301D-4785-B5BF-D0F3CE4D5957}.Release|Any CPU.ActiveCfg = Release|Any CPU
		{920372F8-301D-4785-B5BF-D0F3CE4D5957}.Release|Any CPU.Build.0 = Release|Any CPU
		{A7354AF9-B3B6-433B-9EC3-504934E96BA8}.Debug|Any CPU.ActiveCfg = Debug|Any CPU
		{A7354AF9-B3B6-433B-9EC3-504934E96BA8}.Debug|Any CPU.Build.0 = Debug|Any CPU
		{A7354AF9-B3B6-433B-9EC3-504934E96BA8}.Release|Any CPU.ActiveCfg = Release|Any CPU
		{A7354AF9-B3B6-433B-9EC3-504934E96BA8}.Release|Any CPU.Build.0 = Release|Any CPU
		{FD3460A9-551D-4AC9-B626-DF2EC5F73FE7}.Debug|Any CPU.ActiveCfg = Debug|Any CPU
		{FD3460A9-551D-4AC9-B626-DF2EC5F73FE7}.Debug|Any CPU.Build.0 = Debug|Any CPU
		{FD3460A9-551D-4AC9-B626-DF2EC5F73FE7}.Release|Any CPU.ActiveCfg = Release|Any CPU
		{FD3460A9-551D-4AC9-B626-DF2EC5F73FE7}.Release|Any CPU.Build.0 = Release|Any CPU
		{07BF713A-A38B-4486-9A27-622B03EDA53B}.Debug|Any CPU.ActiveCfg = Debug|Any CPU
		{07BF713A-A38B-4486-9A27-622B03EDA53B}.Debug|Any CPU.Build.0 = Debug|Any CPU
		{07BF713A-A38B-4486-9A27-622B03EDA53B}.Release|Any CPU.ActiveCfg = Release|Any CPU
		{07BF713A-A38B-4486-9A27-622B03EDA53B}.Release|Any CPU.Build.0 = Release|Any CPU
		{429DAF19-832B-4143-8DEA-9D500CA20E01}.Debug|Any CPU.ActiveCfg = Debug|Any CPU
		{429DAF19-832B-4143-8DEA-9D500CA20E01}.Debug|Any CPU.Build.0 = Debug|Any CPU
		{429DAF19-832B-4143-8DEA-9D500CA20E01}.Release|Any CPU.ActiveCfg = Release|Any CPU
		{429DAF19-832B-4143-8DEA-9D500CA20E01}.Release|Any CPU.Build.0 = Release|Any CPU
		{7AC4E49D-7576-4616-962E-089CC904E912}.Debug|Any CPU.ActiveCfg = Debug|Any CPU
		{7AC4E49D-7576-4616-962E-089CC904E912}.Debug|Any CPU.Build.0 = Debug|Any CPU
		{7AC4E49D-7576-4616-962E-089CC904E912}.Release|Any CPU.ActiveCfg = Release|Any CPU
		{7AC4E49D-7576-4616-962E-089CC904E912}.Release|Any CPU.Build.0 = Release|Any CPU
	EndGlobalSection
	GlobalSection(SolutionProperties) = preSolution
		HideSolutionNode = FALSE
	EndGlobalSection
	GlobalSection(ExtensibilityGlobals) = postSolution
		SolutionGuid = {59A1B23A-FD4A-4F19-91D9-3B6ED2621C69}
	EndGlobalSection
EndGlobal
